
Microsoft Visual Studio Solution File, Format Version 12.00
# Visual Studio Version 17
VisualStudioVersion = 17.6.33815.320
MinimumVisualStudioVersion = 10.0.40219.1
Project("{FAE04EC0-301F-11D3-BF4B-00C04F79EFBC}") = "3DModeler", "3DModeler\3DModeler.csproj", "{3C0E1AC6-83CF-4C60-B78A-F8631F6AB992}"
EndProject
Global
	GlobalSection(SolutionConfigurationPlatforms) = preSolution
		Debug|Any CPU = Debug|Any CPU
		Release|Any CPU = Release|Any CPU
	EndGlobalSection
	GlobalSection(ProjectConfigurationPlatforms) = postSolution
		{3C0E1AC6-83CF-4C60-B78A-F8631F6AB992}.Debug|Any CPU.ActiveCfg = Debug|Any CPU
		{3C0E1AC6-83CF-4C60-B78A-F8631F6AB992}.Debug|Any CPU.Build.0 = Debug|Any CPU
		{3C0E1AC6-83CF-4C60-B78A-F8631F6AB992}.Release|Any CPU.ActiveCfg = Release|Any CPU
		{3C0E1AC6-83CF-4C60-B78A-F8631F6AB992}.Release|Any CPU.Build.0 = Release|Any CPU
	EndGlobalSection
	GlobalSection(SolutionProperties) = preSolution
		HideSolutionNode = FALSE
	EndGlobalSection
	GlobalSection(ExtensibilityGlobals) = postSolution
		SolutionGuid = {5F69AD73-F858-48C5-BE15-EC365CE4A6D1}
	EndGlobalSection
EndGlobal
